
Microsoft Visual Studio Solution File, Format Version 12.00
# Visual Studio Version 17
VisualStudioVersion = 17.10.35027.167
MinimumVisualStudioVersion = 10.0.40219.1
Project("{FAE04EC0-301F-11D3-BF4B-00C04F79EFBC}") = "DemoCICD", "DemoCICD\DemoCICD.csproj", "{7FB3C6F8-B9D6-4902-BBC2-F3B7C013DC9A}"
EndProject
Global
	GlobalSection(SolutionConfigurationPlatforms) = preSolution
		Debug|Any CPU = Debug|Any CPU
		Release|Any CPU = Release|Any CPU
	EndGlobalSection
	GlobalSection(ProjectConfigurationPlatforms) = postSolution
		{7FB3C6F8-B9D6-4902-BBC2-F3B7C013DC9A}.Debug|Any CPU.ActiveCfg = Debug|Any CPU
		{7FB3C6F8-B9D6-4902-BBC2-F3B7C013DC9A}.Debug|Any CPU.Build.0 = Debug|Any CPU
		{7FB3C6F8-B9D6-4902-BBC2-F3B7C013DC9A}.Release|Any CPU.ActiveCfg = Release|Any CPU
		{7FB3C6F8-B9D6-4902-BBC2-F3B7C013DC9A}.Release|Any CPU.Build.0 = Release|Any CPU
	EndGlobalSection
	GlobalSection(SolutionProperties) = preSolution
		HideSolutionNode = FALSE
	EndGlobalSection
	GlobalSection(ExtensibilityGlobals) = postSolution
		SolutionGuid = {8EF96662-DCCE-4A54-AF1F-BCBA3E4EDCB2}
	EndGlobalSection
EndGlobal
